
Microsoft Visual Studio Solution File, Format Version 12.00
# Visual Studio 15
VisualStudioVersion = 15.0.26430.13
MinimumVisualStudioVersion = 10.0.40219.1
Project("{FAE04EC0-301F-11D3-BF4B-00C04F79EFBC}") = "MyCalculator", "MyClassLibraryForTesting\MyCalculator.csproj", "{4FACA2F9-76CA-4F75-8089-1FBAA8419081}"
EndProject
Project("{FAE04EC0-301F-11D3-BF4B-00C04F79EFBC}") = "UnitTestCalcolator", "UnitTestProject1\UnitTestCalcolator.csproj", "{A37A2971-8A5E-4487-A365-F6528A928FB3}"
EndProject
Project("{FAE04EC0-301F-11D3-BF4B-00C04F79EFBC}") = "UnitTestShop", "UnitTestShop\UnitTestShop.csproj", "{8D96C7AA-C3B2-4A61-9832-A7F8E5238DCF}"
EndProject
Project("{FAE04EC0-301F-11D3-BF4B-00C04F79EFBC}") = "MyShop", "ClassLibrary3\MyShop.csproj", "{01062AA5-E568-433C-B9CD-A6381E733833}"
EndProject
Global
	GlobalSection(SolutionConfigurationPlatforms) = preSolution
		Debug|Any CPU = Debug|Any CPU
		Release|Any CPU = Release|Any CPU
	EndGlobalSection
	GlobalSection(ProjectConfigurationPlatforms) = postSolution
		{4FACA2F9-76CA-4F75-8089-1FBAA8419081}.Debug|Any CPU.ActiveCfg = Debug|Any CPU
		{4FACA2F9-76CA-4F75-8089-1FBAA8419081}.Debug|Any CPU.Build.0 = Debug|Any CPU
		{4FACA2F9-76CA-4F75-8089-1FBAA8419081}.Release|Any CPU.ActiveCfg = Release|Any CPU
		{4FACA2F9-76CA-4F75-8089-1FBAA8419081}.Release|Any CPU.Build.0 = Release|Any CPU
		{A37A2971-8A5E-4487-A365-F6528A928FB3}.Debug|Any CPU.ActiveCfg = Debug|Any CPU
		{A37A2971-8A5E-4487-A365-F6528A928FB3}.Debug|Any CPU.Build.0 = Debug|Any CPU
		{A37A2971-8A5E-4487-A365-F6528A928FB3}.Release|Any CPU.ActiveCfg = Release|Any CPU
		{A37A2971-8A5E-4487-A365-F6528A928FB3}.Release|Any CPU.Build.0 = Release|Any CPU
		{8D96C7AA-C3B2-4A61-9832-A7F8E5238DCF}.Debug|Any CPU.ActiveCfg = Debug|Any CPU
		{8D96C7AA-C3B2-4A61-9832-A7F8E5238DCF}.Debug|Any CPU.Build.0 = Debug|Any CPU
		{8D96C7AA-C3B2-4A61-9832-A7F8E5238DCF}.Release|Any CPU.ActiveCfg = Release|Any CPU
		{8D96C7AA-C3B2-4A61-9832-A7F8E5238DCF}.Release|Any CPU.Build.0 = Release|Any CPU
		{01062AA5-E568-433C-B9CD-A6381E733833}.Debug|Any CPU.ActiveCfg = Debug|Any CPU
		{01062AA5-E568-433C-B9CD-A6381E733833}.Debug|Any CPU.Build.0 = Debug|Any CPU
		{01062AA5-E568-433C-B9CD-A6381E733833}.Release|Any CPU.ActiveCfg = Release|Any CPU
		{01062AA5-E568-433C-B9CD-A6381E733833}.Release|Any CPU.Build.0 = Release|Any CPU
	EndGlobalSection
	GlobalSection(SolutionProperties) = preSolution
		HideSolutionNode = FALSE
	EndGlobalSection
EndGlobal
